
Microsoft Visual Studio Solution File, Format Version 12.00
# Visual Studio Version 17
VisualStudioVersion = 17.14.36915.13 d17.14
MinimumVisualStudioVersion = 10.0.40219.1
Project("{FAE04EC0-301F-11D3-BF4B-00C04F79EFBC}") = "StrisperClient", "StrisperClient\StrisperClient.csproj", "{8B1C71C1-C19F-44DB-A4E7-3DD0CF50B16B}"
EndProject
Global
	GlobalSection(SolutionConfigurationPlatforms) = preSolution
		Debug|Any CPU = Debug|Any CPU
		Release|Any CPU = Release|Any CPU
	EndGlobalSection
	GlobalSection(ProjectConfigurationPlatforms) = postSolution
		{8B1C71C1-C19F-44DB-A4E7-3DD0CF50B16B}.Debug|Any CPU.ActiveCfg = Debug|Any CPU
		{8B1C71C1-C19F-44DB-A4E7-3DD0CF50B16B}.Debug|Any CPU.Build.0 = Debug|Any CPU
		{8B1C71C1-C19F-44DB-A4E7-3DD0CF50B16B}.Release|Any CPU.ActiveCfg = Release|Any CPU
		{8B1C71C1-C19F-44DB-A4E7-3DD0CF50B16B}.Release|Any CPU.Build.0 = Release|Any CPU
	EndGlobalSection
	GlobalSection(SolutionProperties) = preSolution
		HideSolutionNode = FALSE
	EndGlobalSection
	GlobalSection(ExtensibilityGlobals) = postSolution
		SolutionGuid = {FB8AB8BE-DBF1-4F40-BB40-4C4D9BB94062}
	EndGlobalSection
EndGlobal
